{
  "lockfileVersion": 1,
  "configVersion": 1,
  "workspaces": {
    "": {
      "name": "@kjanat/gha-env-validator",
      "dependencies": {
        "zod": "^4.1.12",
      },
      "devDependencies": {
        "@biomejs/biome": "2.3.5",
        "@bun-security-scanner/osv": "^1.0.0",
        "@types/bun": "^1.3.2",
        "@types/node": "^24.10.1",
        "dprint": "^0.50.2",
        "lefthook": "^2.0.4",
        "typescript": "^5.9.3",
      },
      "peerDependencies": {
        "typescript": "^5",
      },
    },
  },
  "packages": {
    "@biomejs/biome": ["@biomejs/biome@2.3.5", "", { "optionalDependencies": { "@biomejs/cli-darwin-arm64": "2.3.5", "@biomejs/cli-darwin-x64": "2.3.5", "@biomejs/cli-linux-arm64": "2.3.5", "@biomejs/cli-linux-arm64-musl": "2.3.5", "@biomejs/cli-linux-x64": "2.3.5", "@biomejs/cli-linux-x64-musl": "2.3.5", "@biomejs/cli-win32-arm64": "2.3.5", "@biomejs/cli-win32-x64": "2.3.5" }, "bin": { "biome": "bin/biome" } }, "sha512-HvLhNlIlBIbAV77VysRIBEwp55oM/QAjQEin74QQX9Xb259/XP/D5AGGnZMOyF1el4zcvlNYYR3AyTMUV3ILhg=="],

    "@biomejs/cli-darwin-arm64": ["@biomejs/cli-darwin-arm64@2.3.5", "", { "os": "darwin", "cpu": "arm64" }, "sha512-fLdTur8cJU33HxHUUsii3GLx/TR0BsfQx8FkeqIiW33cGMtUD56fAtrh+2Fx1uhiCsVZlFh6iLKUU3pniZREQw=="],

    "@biomejs/cli-darwin-x64": ["@biomejs/cli-darwin-x64@2.3.5", "", { "os": "darwin", "cpu": "x64" }, "sha512-qpT8XDqeUlzrOW8zb4k3tjhT7rmvVRumhi2657I2aGcY4B+Ft5fNwDdZGACzn8zj7/K1fdWjgwYE3i2mSZ+vOA=="],

    "@biomejs/cli-linux-arm64": ["@biomejs/cli-linux-arm64@2.3.5", "", { "os": "linux", "cpu": "arm64" }, "sha512-u/pybjTBPGBHB66ku4pK1gj+Dxgx7/+Z0jAriZISPX1ocTO8aHh8x8e7Kb1rB4Ms0nA/SzjtNOVJ4exVavQBCw=="],

    "@biomejs/cli-linux-arm64-musl": ["@biomejs/cli-linux-arm64-musl@2.3.5", "", { "os": "linux", "cpu": "arm64" }, "sha512-eGUG7+hcLgGnMNl1KHVZUYxahYAhC462jF/wQolqu4qso2MSk32Q+QrpN7eN4jAHAg7FUMIo897muIhK4hXhqg=="],

    "@biomejs/cli-linux-x64": ["@biomejs/cli-linux-x64@2.3.5", "", { "os": "linux", "cpu": "x64" }, "sha512-XrIVi9YAW6ye0CGQ+yax0gLfx+BFOtKaNX74n+xHWla6Cl6huUmcKNO7HPx7BiKnJUzrxXY1qYlm7xMvi08X4g=="],

    "@biomejs/cli-linux-x64-musl": ["@biomejs/cli-linux-x64-musl@2.3.5", "", { "os": "linux", "cpu": "x64" }, "sha512-awVuycTPpVTH/+WDVnEEYSf6nbCBHf/4wB3lquwT7puhNg8R4XvonWNZzUsfHZrCkjkLhFH/vCZK5jHatD9FEg=="],

    "@biomejs/cli-win32-arm64": ["@biomejs/cli-win32-arm64@2.3.5", "", { "os": "win32", "cpu": "arm64" }, "sha512-DlBiMlBZZ9eIq4H7RimDSGsYcOtfOIfZOaI5CqsWiSlbTfqbPVfWtCf92wNzx8GNMbu1s7/g3ZZESr6+GwM/SA=="],

    "@biomejs/cli-win32-x64": ["@biomejs/cli-win32-x64@2.3.5", "", { "os": "win32", "cpu": "x64" }, "sha512-nUmR8gb6yvrKhtRgzwo/gDimPwnO5a4sCydf8ZS2kHIJhEmSmk+STsusr1LHTuM//wXppBawvSQi2xFXJCdgKQ=="],

    "@bun-security-scanner/osv": ["@bun-security-scanner/osv@1.0.0", "", { "dependencies": { "zod": "^4.1.12" } }, "sha512-hHtsD2VyaF5JGCzJp3pGXykgNyOFQUuG8qJ7TJ5OfNl7xfPO2AnER1aGx/PzvLFJVJI6Qsj+oUt/5vpcdMK8oQ=="],

    "@dprint/darwin-arm64": ["@dprint/darwin-arm64@0.50.2", "", { "os": "darwin", "cpu": "arm64" }, "sha512-4d08INZlTxbPW9LK9W8+93viN543/qA2Kxn4azVnPW/xCb2Im03UqJBz8mMm3nJZdtNnK3uTVG3ib1VW+XJisw=="],

    "@dprint/darwin-x64": ["@dprint/darwin-x64@0.50.2", "", { "os": "darwin", "cpu": "x64" }, "sha512-ZXWPBwdLojhdBATq+bKwJvB7D8bIzrD6eR/Xuq9UYE7evQazUiR069d9NPF0iVuzTo6wNf9ub9SXI7qDl11EGA=="],

    "@dprint/linux-arm64-glibc": ["@dprint/linux-arm64-glibc@0.50.2", "", { "os": "linux", "cpu": "arm64" }, "sha512-marxQzRw8atXAnaawwZHeeUaaAVewrGTlFKKcDASGyjPBhc23J5fHPUPremm8xCbgYZyTlokzrV8/1rDRWhJcw=="],

    "@dprint/linux-arm64-musl": ["@dprint/linux-arm64-musl@0.50.2", "", { "os": "linux", "cpu": "arm64" }, "sha512-oGDq44ydzo0ZkJk6RHcUzUN5sOMT5HC6WA8kHXI6tkAsLUkaLO2DzZFfW4aAYZUn+hYNpQfQD8iGew0sjkyLyg=="],

    "@dprint/linux-riscv64-glibc": ["@dprint/linux-riscv64-glibc@0.50.2", "", { "os": "linux", "cpu": "none" }, "sha512-QMmZoZYWsXezDcC03fBOwPfxhTpPEyHqutcgJ0oauN9QcSXGji9NSZITMmtLz2Ki3T1MIvdaLd1goGzNSvNqTQ=="],

    "@dprint/linux-x64-glibc": ["@dprint/linux-x64-glibc@0.50.2", "", { "os": "linux", "cpu": "x64" }, "sha512-KMeHEzb4teQJChTgq8HuQzc+reRNDnarOTGTQovAZ9WNjOtKLViftsKWW5HsnRHtP5nUIPE9rF1QLjJ/gUsqvw=="],

    "@dprint/linux-x64-musl": ["@dprint/linux-x64-musl@0.50.2", "", { "os": "linux", "cpu": "x64" }, "sha512-qM37T7H69g5coBTfE7SsA+KZZaRBky6gaUhPgAYxW+fOsoVtZSVkXtfTtQauHTpqqOEtbxfCtum70Hz1fr1teg=="],

    "@dprint/win32-arm64": ["@dprint/win32-arm64@0.50.2", "", { "os": "win32", "cpu": "arm64" }, "sha512-kuGVHGoxLwssVDsodefUIYQRoO2fQncurH/xKgXiZwMPOSzFcgUzYJQiyqmJEp+PENhO9VT1hXUHZtlyCAWBUQ=="],

    "@dprint/win32-x64": ["@dprint/win32-x64@0.50.2", "", { "os": "win32", "cpu": "x64" }, "sha512-N3l9k31c3IMfVXqL0L6ygIhJFvCIrfQ+Z5Jph6RnCcBO6oDYWeYhAv/qBk1vLsF2y/e79TKsR1tvaEwnrQ03XA=="],

    "@types/bun": ["@types/bun@1.3.2", "", { "dependencies": { "bun-types": "1.3.2" } }, "sha512-t15P7k5UIgHKkxwnMNkJbWlh/617rkDGEdSsDbu+qNHTaz9SKf7aC8fiIlUdD5RPpH6GEkP0cK7WlvmrEBRtWg=="],

    "@types/node": ["@types/node@24.10.1", "", { "dependencies": { "undici-types": "~7.16.0" } }, "sha512-GNWcUTRBgIRJD5zj+Tq0fKOJ5XZajIiBroOF0yvj2bSU1WvNdYS/dn9UxwsujGW4JX06dnHyjV2y9rRaybH0iQ=="],

    "@types/react": ["@types/react@19.2.4", "", { "dependencies": { "csstype": "^3.0.2" } }, "sha512-tBFxBp9Nfyy5rsmefN+WXc1JeW/j2BpBHFdLZbEVfs9wn3E3NRFxwV0pJg8M1qQAexFpvz73hJXFofV0ZAu92A=="],

    "bun-types": ["bun-types@1.3.2", "", { "dependencies": { "@types/node": "*" }, "peerDependencies": { "@types/react": "^19" } }, "sha512-i/Gln4tbzKNuxP70OWhJRZz1MRfvqExowP7U6JKoI8cntFrtxg7RJK3jvz7wQW54UuvNC8tbKHHri5fy74FVqg=="],

    "csstype": ["csstype@3.1.3", "", {}, "sha512-M1uQkMl8rQK/szD0LNhtqxIPLpimGm8sOBwU7lLnCpSbTyY3yeU1Vc7l4KT5zT4s/yOxHH5O7tIuuLOCnLADRw=="],

    "dprint": ["dprint@0.50.2", "", { "optionalDependencies": { "@dprint/darwin-arm64": "0.50.2", "@dprint/darwin-x64": "0.50.2", "@dprint/linux-arm64-glibc": "0.50.2", "@dprint/linux-arm64-musl": "0.50.2", "@dprint/linux-riscv64-glibc": "0.50.2", "@dprint/linux-x64-glibc": "0.50.2", "@dprint/linux-x64-musl": "0.50.2", "@dprint/win32-arm64": "0.50.2", "@dprint/win32-x64": "0.50.2" }, "bin": { "dprint": "bin.js" } }, "sha512-+0Fzg+17jsMMUouK00/Fara5YtGOuE76EAJINHB8VpkXHd0n00rMXtw/03qorOgz23eo8Y0UpYvNZBJJo3aNtw=="],

    "lefthook": ["lefthook@2.0.4", "", { "optionalDependencies": { "lefthook-darwin-arm64": "2.0.4", "lefthook-darwin-x64": "2.0.4", "lefthook-freebsd-arm64": "2.0.4", "lefthook-freebsd-x64": "2.0.4", "lefthook-linux-arm64": "2.0.4", "lefthook-linux-x64": "2.0.4", "lefthook-openbsd-arm64": "2.0.4", "lefthook-openbsd-x64": "2.0.4", "lefthook-windows-arm64": "2.0.4", "lefthook-windows-x64": "2.0.4" }, "bin": { "lefthook": "bin/index.js" } }, "sha512-GNCU2vQWM/UWjiEF23601aILi1aMbPke6viortH7wIO/oVGOCW0H6FdLez4XZDyqnHL9XkTnd0BBVrBbYVMLpA=="],

    "lefthook-darwin-arm64": ["lefthook-darwin-arm64@2.0.4", "", { "os": "darwin", "cpu": "arm64" }, "sha512-AR63/O5UkM7Sc6x5PhP4vTuztTYRBeBroXApeWGM/8e5uZyoQug/7KTh7xhbCMDf8WJv6vdFeXAQCPSmDyPU3Q=="],

    "lefthook-darwin-x64": ["lefthook-darwin-x64@2.0.4", "", { "os": "darwin", "cpu": "x64" }, "sha512-618DVUttSzV9egQiqTQoxGfnR240JoPWYmqRVHhiegnQKZ2lp5XJ+7NMxeRk/ih93VVOLzFO5ky3PbpxTmJgjQ=="],

    "lefthook-freebsd-arm64": ["lefthook-freebsd-arm64@2.0.4", "", { "os": "freebsd", "cpu": "arm64" }, "sha512-mTAQym1BK38fKglHBQ/0GXPznVC4LoStHO5lAI3ZxaEC0FQetqGHYFzhWbIH5sde9JhztE2rL/aBzMHDoAtzSw=="],

    "lefthook-freebsd-x64": ["lefthook-freebsd-x64@2.0.4", "", { "os": "freebsd", "cpu": "x64" }, "sha512-sy02aSxd8UMd6XmiPFVl/Em0b78jdZcDSsLwg+bweJQQk0l+vJhOfqFiG11mbnpo+EBIZmRe6OH5LkxeSU36+w=="],

    "lefthook-linux-arm64": ["lefthook-linux-arm64@2.0.4", "", { "os": "linux", "cpu": "arm64" }, "sha512-W0Nlr/Cz2QTH9n4k5zNrk3LSsg1C4wHiJi8hrAiQVTaAV/N1XrKqd0DevqQuouuapG6pw/6B1xCgiNPebv9oyw=="],

    "lefthook-linux-x64": ["lefthook-linux-x64@2.0.4", "", { "os": "linux", "cpu": "x64" }, "sha512-N6ySVCtB/DrOZ1ZgPL8WBZTgtoVHvcPKI+LV5wbcGrvA/dzDZFvniadrbDWZg7Tm705efiQzyENjwhhqNkwiww=="],

    "lefthook-openbsd-arm64": ["lefthook-openbsd-arm64@2.0.4", "", { "os": "openbsd", "cpu": "arm64" }, "sha512-VmOhJO3pYzZ/1C2WFXtL/n5pq4/eYOroqJJpwTJfmCHyw4ceLACu8MDyU5AMJhGMkbL8mPxGInJKxg5xhYgGRw=="],

    "lefthook-openbsd-x64": ["lefthook-openbsd-x64@2.0.4", "", { "os": "openbsd", "cpu": "x64" }, "sha512-U8MZz1xlHUdflkQQ2hkMQsei6fSZbs8tuE4EjCIHWnNdnAF4V8sZ6n1KbxsJcoZXPyBZqxZSMu1o/Ye8IAMVKg=="],

    "lefthook-windows-arm64": ["lefthook-windows-arm64@2.0.4", "", { "os": "win32", "cpu": "arm64" }, "sha512-543H3y2JAwNdvwUQ6nlNBG7rdKgoOUgzAa6pYcl6EoqicCRrjRmGhkJu7vUudkkrD2Wjm7tr9hU9poP2g5fRFQ=="],

    "lefthook-windows-x64": ["lefthook-windows-x64@2.0.4", "", { "os": "win32", "cpu": "x64" }, "sha512-UDEPK9RWKm60xsNOdS/DQOdFba0SFa4w3tpFMXK1AJzmRHhosoKrorXGhtTr6kcM0MGKOtYi8GHsm++ArZ9wvQ=="],

    "typescript": ["typescript@5.9.3", "", { "bin": { "tsc": "bin/tsc", "tsserver": "bin/tsserver" } }, "sha512-jl1vZzPDinLr9eUt3J/t7V6FgNEw9QjvBPdysz9KfQDD41fQrC2Y4vKQdiaUpFT4bXlb1RHhLpp8wtm6M5TgSw=="],

    "undici-types": ["undici-types@7.16.0", "", {}, "sha512-Zz+aZWSj8LE6zoxD+xrjh4VfkIG8Ya6LvYkZqtUQGJPZjYl53ypCaUwWqo7eI0x66KBGeRo+mlBEkMSeSZ38Nw=="],

    "zod": ["zod@4.1.12", "", {}, "sha512-JInaHOamG8pt5+Ey8kGmdcAcg3OL9reK8ltczgHTAwNhMys/6ThXHityHxVV2p3fkw/c+MAvBHFVYHFZDmjMCQ=="],
  }
}
