{
  "lockfileVersion": 1,
  "configVersion": 1,
  "workspaces": {
    "": {
      "name": "@actions/gha-env-validator-workspace",
      "dependencies": {
        "@kjanat/gha-env-validator": "link:@kjanat/gha-env-validator",
      },
    },
    "build-matrix-summary": {
      "name": "build-matrix-summary",
      "version": "1.0.0",
      "dependencies": {
        "zod": "catalog:",
      },
      "devDependencies": {
        "@types/bun": "catalog:",
        "@types/node": "catalog:",
        "@typescript/native-preview": "catalog:",
        "typescript": "catalog:",
      },
    },
    "codecov-upload": {
      "name": "codecov-upload",
      "version": "1.0.0",
      "dependencies": {
        "zod": "catalog:",
      },
      "devDependencies": {
        "@types/bun": "catalog:",
        "@types/node": "catalog:",
        "@typescript/native-preview": "catalog:",
        "typescript": "catalog:",
      },
    },
    "setup-project": {
      "name": "setup-project",
      "version": "1.0.0",
      "dependencies": {
        "zod": "catalog:",
      },
      "devDependencies": {
        "@types/bun": "catalog:",
        "@types/node": "catalog:",
        "@typescript/native-preview": "catalog:",
        "typescript": "catalog:",
      },
    },
    "validate-workflow-env": {
      "name": "validate-workflow-env",
      "version": "1.0.0",
      "dependencies": {
        "zod": "catalog:",
      },
      "devDependencies": {
        "@types/bun": "catalog:",
        "@types/node": "catalog:",
        "@typescript/native-preview": "catalog:",
        "typescript": "catalog:",
      },
    },
  },
  "catalog": {
    "@types/bun": "latest",
    "@types/node": "latest",
    "@typescript/native-preview": "latest",
    "typescript": "next",
    "zod": "latest",
  },
  "packages": {
    "@kjanat/gha-env-validator": ["@kjanat/gha-env-validator@link:@kjanat/gha-env-validator", {}],

    "@types/bun": ["@types/bun@1.3.2", "", { "dependencies": { "bun-types": "1.3.2" } }, "sha512-t15P7k5UIgHKkxwnMNkJbWlh/617rkDGEdSsDbu+qNHTaz9SKf7aC8fiIlUdD5RPpH6GEkP0cK7WlvmrEBRtWg=="],

    "@types/node": ["@types/node@24.10.1", "", { "dependencies": { "undici-types": "~7.16.0" } }, "sha512-GNWcUTRBgIRJD5zj+Tq0fKOJ5XZajIiBroOF0yvj2bSU1WvNdYS/dn9UxwsujGW4JX06dnHyjV2y9rRaybH0iQ=="],

    "@types/react": ["@types/react@19.2.5", "", { "dependencies": { "csstype": "^3.0.2" } }, "sha512-keKxkZMqnDicuvFoJbzrhbtdLSPhj/rZThDlKWCDbgXmUg0rEUFtRssDXKYmtXluZlIqiC5VqkCgRwzuyLHKHw=="],

    "@typescript/native-preview": ["@typescript/native-preview@7.0.0-dev.20251117.1", "", { "optionalDependencies": { "@typescript/native-preview-darwin-arm64": "7.0.0-dev.20251117.1", "@typescript/native-preview-darwin-x64": "7.0.0-dev.20251117.1", "@typescript/native-preview-linux-arm": "7.0.0-dev.20251117.1", "@typescript/native-preview-linux-arm64": "7.0.0-dev.20251117.1", "@typescript/native-preview-linux-x64": "7.0.0-dev.20251117.1", "@typescript/native-preview-win32-arm64": "7.0.0-dev.20251117.1", "@typescript/native-preview-win32-x64": "7.0.0-dev.20251117.1" }, "bin": { "tsgo": "bin/tsgo.js" } }, "sha512-JgKY4Q6jRCszCJ46c8tVrGVnmdiRPSKTW0UQvcyxdI7LG9NYMchJ/W7iUyFZVjG8BV1iUTl3DYml1xErPHLKeg=="],

    "@typescript/native-preview-darwin-arm64": ["@typescript/native-preview-darwin-arm64@7.0.0-dev.20251117.1", "", { "os": "darwin", "cpu": "arm64" }, "sha512-O7Hhb9m8AZJCAUSBbGmZs7Vm890Kh5Z3xAAASs+L4thtPM0oRckeaoXLvHeE9Qy1p8qG//EmZ3+uSdtUTV4wqg=="],

    "@typescript/native-preview-darwin-x64": ["@typescript/native-preview-darwin-x64@7.0.0-dev.20251117.1", "", { "os": "darwin", "cpu": "x64" }, "sha512-/I/iWWvUvuy8BK0bXn5Kz6z2QwknwD2kl2estQxgsz9VgHHyLSyjAg7c18pX/re0Z9ISPz7wutEKabzdtRW8Uw=="],

    "@typescript/native-preview-linux-arm": ["@typescript/native-preview-linux-arm@7.0.0-dev.20251117.1", "", { "os": "linux", "cpu": "arm" }, "sha512-Mfnc8CytGICsYJCMbu3FwE/KDcVg4/QTFix6O31oUkj9ERp3zbSePVMQulkJTH2vuhDvJnVISHzIYawtq5QPTQ=="],

    "@typescript/native-preview-linux-arm64": ["@typescript/native-preview-linux-arm64@7.0.0-dev.20251117.1", "", { "os": "linux", "cpu": "arm64" }, "sha512-YSkmJb4/WrS6ZMEJSDbv5o2Garms3+3yKsH+Y3JLUab0namf1Br7T53ydW7ijV2rE7j9DgJs9P+GNu8753St3Q=="],

    "@typescript/native-preview-linux-x64": ["@typescript/native-preview-linux-x64@7.0.0-dev.20251117.1", "", { "os": "linux", "cpu": "x64" }, "sha512-R5KvnKuGsbozjHbmA+zPa4xVkQSutvtU9/PQJ7vjJL0xsvSsRUgOE2V2jlT+KnfjAhYVoIg2njtHdf0uv5k9Ow=="],

    "@typescript/native-preview-win32-arm64": ["@typescript/native-preview-win32-arm64@7.0.0-dev.20251117.1", "", { "os": "win32", "cpu": "arm64" }, "sha512-xfEwDD9BwCm2gFf0AePfvXxjgQ/EDBDLRbSejtShTSFwrgdnRJ7iW63/ns/i31qLesTzGZaLxeAV8zgh6C2Ibg=="],

    "@typescript/native-preview-win32-x64": ["@typescript/native-preview-win32-x64@7.0.0-dev.20251117.1", "", { "os": "win32", "cpu": "x64" }, "sha512-GhJ4GIygHSU86gZw6NkOnJKi/XW0Yw+1quanZ6BaOAZ+HY6aftuESy+NlbC6nUSGE2xmbvxqJgqchCIlC6YPoA=="],

    "build-matrix-summary": ["build-matrix-summary@workspace:build-matrix-summary"],

    "bun-types": ["bun-types@1.3.2", "", { "dependencies": { "@types/node": "*" }, "peerDependencies": { "@types/react": "^19" } }, "sha512-i/Gln4tbzKNuxP70OWhJRZz1MRfvqExowP7U6JKoI8cntFrtxg7RJK3jvz7wQW54UuvNC8tbKHHri5fy74FVqg=="],

    "codecov-upload": ["codecov-upload@workspace:codecov-upload"],

    "csstype": ["csstype@3.2.3", "", {}, "sha512-z1HGKcYy2xA8AGQfwrn0PAy+PB7X/GSj3UVJW9qKyn43xWa+gl5nXmU4qqLMRzWVLFC8KusUX8T/0kCiOYpAIQ=="],

    "setup-project": ["setup-project@workspace:setup-project"],

    "typescript": ["typescript@6.0.0-dev.20251117", "", { "bin": { "tsc": "bin/tsc", "tsserver": "bin/tsserver" } }, "sha512-BJkVdQDGWE8KxtuSLvWLQ/ju+n6FdSM8rq/2B9myrmKXeKa9HRG36MOTMgfZQUWDmPd2f5+U8fhU7xO2+WNa3g=="],

    "undici-types": ["undici-types@7.16.0", "", {}, "sha512-Zz+aZWSj8LE6zoxD+xrjh4VfkIG8Ya6LvYkZqtUQGJPZjYl53ypCaUwWqo7eI0x66KBGeRo+mlBEkMSeSZ38Nw=="],

    "validate-workflow-env": ["validate-workflow-env@workspace:validate-workflow-env"],

    "zod": ["zod@4.1.12", "", {}, "sha512-JInaHOamG8pt5+Ey8kGmdcAcg3OL9reK8ltczgHTAwNhMys/6ThXHityHxVV2p3fkw/c+MAvBHFVYHFZDmjMCQ=="],
  }
}
